Microsoft Visual Studio Solution File, Format Version 12.00
# Visual Studio 15
VisualStudioVersion = 15.0.27428.2037
MinimumVisualStudioVersion = 10.0.40219.1
Project("{FAE04EC0-301F-11D3-BF4B-00C04F79EFBC}") = "CCM-DesktopClient", "CCM-DesktopClient\CCM-DesktopClient.csproj", "{15667F85-8E83-4D7C-9D36-0F5679DF158D}"
EndProject
Project("{FAE04EC0-301F-11D3-BF4B-00C04F79EFBC}") = "CCM-Framework", "CCM-Framework\CCM-Framework.csproj", "{0D06AB10-2680-4B6B-8955-3EE086B44AB5}"
EndProject
Project("{FAE04EC0-301F-11D3-BF4B-00C04F79EFBC}") = "CCM-API", "CCM-API\CCM-API.csproj", "{0F09E8FF-62FE-4330-B94C-31F8D1762C94}"
EndProject
Project("{FAE04EC0-301F-11D3-BF4B-00C04F79EFBC}") = "Domain", "Domain\Domain.csproj", "{71729070-8710-4C93-8985-252EF0569DED}"
EndProject
Project("{FAE04EC0-301F-11D3-BF4B-00C04F79EFBC}") = "CCM-WebClient", "CCM-WebClient\CCM-WebClient.csproj", "{AA05CF62-7A50-4704-A806-BED6A8B4D2F9}"
EndProject
Project("{FAE04EC0-301F-11D3-BF4B-00C04F79EFBC}") = "Services", "Services\Services.csproj", "{4D09F8BF-793F-484A-BFC4-64F0376171F8}"
EndProject
Global
	GlobalSection(SolutionConfigurationPlatforms) = preSolution
		Debug|Any CPU = Debug|Any CPU
		Debug|x86 = Debug|x86
		Release|Any CPU = Release|Any CPU
		Release|x86 = Release|x86
	EndGlobalSection
	GlobalSection(ProjectConfigurationPlatforms) = postSolution
		{15667F85-8E83-4D7C-9D36-0F5679DF158D}.Debug|Any CPU.ActiveCfg = Debug|Any CPU
		{15667F85-8E83-4D7C-9D36-0F5679DF158D}.Debug|Any CPU.Build.0 = Debug|Any CPU
		{15667F85-8E83-4D7C-9D36-0F5679DF158D}.Debug|x86.ActiveCfg = Debug|Any CPU
		{15667F85-8E83-4D7C-9D36-0F5679DF158D}.Debug|x86.Build.0 = Debug|Any CPU
		{15667F85-8E83-4D7C-9D36-0F5679DF158D}.Release|Any CPU.ActiveCfg = Release|Any CPU
		{15667F85-8E83-4D7C-9D36-0F5679DF158D}.Release|Any CPU.Build.0 = Release|Any CPU
		{15667F85-8E83-4D7C-9D36-0F5679DF158D}.Release|x86.ActiveCfg = Release|Any CPU
		{15667F85-8E83-4D7C-9D36-0F5679DF158D}.Release|x86.Build.0 = Release|Any CPU
		{0D06AB10-2680-4B6B-8955-3EE086B44AB5}.Debug|Any CPU.ActiveCfg = Debug|Any CPU
		{0D06AB10-2680-4B6B-8955-3EE086B44AB5}.Debug|Any CPU.Build.0 = Debug|Any CPU
		{0D06AB10-2680-4B6B-8955-3EE086B44AB5}.Debug|x86.ActiveCfg = Debug|Any CPU
		{0D06AB10-2680-4B6B-8955-3EE086B44AB5}.Debug|x86.Build.0 = Debug|Any CPU
		{0D06AB10-2680-4B6B-8955-3EE086B44AB5}.Release|Any CPU.ActiveCfg = Release|Any CPU
		{0D06AB10-2680-4B6B-8955-3EE086B44AB5}.Release|Any CPU.Build.0 = Release|Any CPU
		{0D06AB10-2680-4B6B-8955-3EE086B44AB5}.Release|x86.ActiveCfg = Release|Any CPU
		{0D06AB10-2680-4B6B-8955-3EE086B44AB5}.Release|x86.Build.0 = Release|Any CPU
		{0F09E8FF-62FE-4330-B94C-31F8D1762C94}.Debug|Any CPU.ActiveCfg = Debug|Any CPU
		{0F09E8FF-62FE-4330-B94C-31F8D1762C94}.Debug|Any CPU.Build.0 = Debug|Any CPU
		{0F09E8FF-62FE-4330-B94C-31F8D1762C94}.Debug|x86.ActiveCfg = Debug|Any CPU
		{0F09E8FF-62FE-4330-B94C-31F8D1762C94}.Debug|x86.Build.0 = Debug|Any CPU
		{0F09E8FF-62FE-4330-B94C-31F8D1762C94}.Release|Any CPU.ActiveCfg = Release|Any CPU
		{0F09E8FF-62FE-4330-B94C-31F8D1762C94}.Release|Any CPU.Build.0 = Release|Any CPU
		{0F09E8FF-62FE-4330-B94C-31F8D1762C94}.Release|x86.ActiveCfg = Release|Any CPU
		{0F09E8FF-62FE-4330-B94C-31F8D1762C94}.Release|x86.Build.0 = Release|Any CPU
		{71729070-8710-4C93-8985-252EF0569DED}.Debug|Any CPU.ActiveCfg = Debug|Any CPU
		{71729070-8710-4C93-8985-252EF0569DED}.Debug|Any CPU.Build.0 = Debug|Any CPU
		{71729070-8710-4C93-8985-252EF0569DED}.Debug|x86.ActiveCfg = Debug|Any CPU
		{71729070-8710-4C93-8985-252EF0569DED}.Debug|x86.Build.0 = Debug|Any CPU
		{71729070-8710-4C93-8985-252EF0569DED}.Release|Any CPU.ActiveCfg = Release|Any CPU
		{71729070-8710-4C93-8985-252EF0569DED}.Release|Any CPU.Build.0 = Release|Any CPU
		{71729070-8710-4C93-8985-252EF0569DED}.Release|x86.ActiveCfg = Release|Any CPU
		{71729070-8710-4C93-8985-252EF0569DED}.Release|x86.Build.0 = Release|Any CPU
		{AA05CF62-7A50-4704-A806-BED6A8B4D2F9}.Debug|Any CPU.ActiveCfg = Debug|Any CPU
		{AA05CF62-7A50-4704-A806-BED6A8B4D2F9}.Debug|Any CPU.Build.0 = Debug|Any CPU
		{AA05CF62-7A50-4704-A806-BED6A8B4D2F9}.Debug|x86.ActiveCfg = Debug|Any CPU
		{AA05CF62-7A50-4704-A806-BED6A8B4D2F9}.Debug|x86.Build.0 = Debug|Any CPU
		{AA05CF62-7A50-4704-A806-BED6A8B4D2F9}.Release|Any CPU.ActiveCfg = Release|Any CPU
		{AA05CF62-7A50-4704-A806-BED6A8B4D2F9}.Release|Any CPU.Build.0 = Release|Any CPU
		{AA05CF62-7A50-4704-A806-BED6A8B4D2F9}.Release|x86.ActiveCfg = Release|Any CPU
		{AA05CF62-7A50-4704-A806-BED6A8B4D2F9}.Release|x86.Build.0 = Release|Any CPU
		{4D09F8BF-793F-484A-BFC4-64F0376171F8}.Debug|Any CPU.ActiveCfg = Debug|Any CPU
		{4D09F8BF-793F-484A-BFC4-64F0376171F8}.Debug|Any CPU.Build.0 = Debug|Any CPU
		{4D09F8BF-793F-484A-BFC4-64F0376171F8}.Debug|x86.ActiveCfg = Debug|Any CPU
		{4D09F8BF-793F-484A-BFC4-64F0376171F8}.Debug|x86.Build.0 = Debug|Any CPU
		{4D09F8BF-793F-484A-BFC4-64F0376171F8}.Release|Any CPU.ActiveCfg = Release|Any CPU
		{4D09F8BF-793F-484A-BFC4-64F0376171F8}.Release|Any CPU.Build.0 = Release|Any CPU
		{4D09F8BF-793F-484A-BFC4-64F0376171F8}.Release|x86.ActiveCfg = Release|Any CPU
		{4D09F8BF-793F-484A-BFC4-64F0376171F8}.Release|x86.Build.0 = Release|Any CPU
	EndGlobalSection
	GlobalSection(SolutionProperties) = preSolution
		HideSolutionNode = FALSE
	EndGlobalSection
	GlobalSection(ExtensibilityGlobals) = postSolution
		SolutionGuid = {B89A22CA-AF85-41F5-BECA-50C3DAA74C03}
	EndGlobalSection
	GlobalSection(MonoDevelopProperties) = preSolution
		Policies = $0
		$0.DotNetNamingPolicy = $1
		$1.DirectoryNamespaceAssociation = PrefixedHierarchical
		$0.VersionControlPolicy = $2
		description = CCM Sharp client
		version = 0.2
	EndGlobalSection
EndGlobal
